
Microsoft Visual Studio Solution File, Format Version 12.00
# Visual Studio Version 17
VisualStudioVersion = 17.5.33530.505
MinimumVisualStudioVersion = 10.0.40219.1
Project("{F184B08F-C81C-45F6-A57F-5ABD9991F28F}") = "WinFormsApp1", "WinFormsApp1\WinFormsApp1.vbproj", "{FEA4C2A4-34E2-4452-AB17-0FFF186B939C}"
EndProject
Global
	GlobalSection(SolutionConfigurationPlatforms) = preSolution
		Debug|Any CPU = Debug|Any CPU
		Release|Any CPU = Release|Any CPU
	EndGlobalSection
	GlobalSection(ProjectConfigurationPlatforms) = postSolution
		{FEA4C2A4-34E2-4452-AB17-0FFF186B939C}.Debug|Any CPU.ActiveCfg = Debug|Any CPU
		{FEA4C2A4-34E2-4452-AB17-0FFF186B939C}.Debug|Any CPU.Build.0 = Debug|Any CPU
		{FEA4C2A4-34E2-4452-AB17-0FFF186B939C}.Release|Any CPU.ActiveCfg = Release|Any CPU
		{FEA4C2A4-34E2-4452-AB17-0FFF186B939C}.Release|Any CPU.Build.0 = Release|Any CPU
	EndGlobalSection
	GlobalSection(SolutionProperties) = preSolution
		HideSolutionNode = FALSE
	EndGlobalSection
	GlobalSection(ExtensibilityGlobals) = postSolution
		SolutionGuid = {309816DF-AD15-42FA-B42B-10EE244FDD2F}
	EndGlobalSection
EndGlobal
